
Microsoft Visual Studio Solution File, Format Version 12.00
# Visual Studio 15
VisualStudioVersion = 15.0.28307.438
MinimumVisualStudioVersion = 10.0.40219.1
Project("{9A19103F-16F7-4668-BE54-9A1E7A4F7556}") = "OdeToFood", "OdeToFood\OdeToFood.csproj", "{10F5F766-A75C-4DA7-ACC3-1A81762F4899}"
EndProject
Project("{FAE04EC0-301F-11D3-BF4B-00C04F79EFBC}") = "OdeToFood.Core", "OdeToFood.Core\OdeToFood.Core.csproj", "{334A518A-E700-44E7-9C03-333CBB178FAD}"
EndProject
Project("{FAE04EC0-301F-11D3-BF4B-00C04F79EFBC}") = "OdeToFood.Data", "OdeToFood.Data\OdeToFood.Data.csproj", "{D1ED54DD-304C-48BB-B801-0DB82C770437}"
EndProject
Global
	GlobalSection(SolutionConfigurationPlatforms) = preSolution
		Debug|Any CPU = Debug|Any CPU
		Release|Any CPU = Release|Any CPU
	EndGlobalSection
	GlobalSection(ProjectConfigurationPlatforms) = postSolution
		{10F5F766-A75C-4DA7-ACC3-1A81762F4899}.Debug|Any CPU.ActiveCfg = Debug|Any CPU
		{10F5F766-A75C-4DA7-ACC3-1A81762F4899}.Debug|Any CPU.Build.0 = Debug|Any CPU
		{10F5F766-A75C-4DA7-ACC3-1A81762F4899}.Release|Any CPU.ActiveCfg = Release|Any CPU
		{10F5F766-A75C-4DA7-ACC3-1A81762F4899}.Release|Any CPU.Build.0 = Release|Any CPU
		{334A518A-E700-44E7-9C03-333CBB178FAD}.Debug|Any CPU.ActiveCfg = Debug|Any CPU
		{334A518A-E700-44E7-9C03-333CBB178FAD}.Debug|Any CPU.Build.0 = Debug|Any CPU
		{334A518A-E700-44E7-9C03-333CBB178FAD}.Release|Any CPU.ActiveCfg = Release|Any CPU
		{334A518A-E700-44E7-9C03-333CBB178FAD}.Release|Any CPU.Build.0 = Release|Any CPU
		{D1ED54DD-304C-48BB-B801-0DB82C770437}.Debug|Any CPU.ActiveCfg = Debug|Any CPU
		{D1ED54DD-304C-48BB-B801-0DB82C770437}.Debug|Any CPU.Build.0 = Debug|Any CPU
		{D1ED54DD-304C-48BB-B801-0DB82C770437}.Release|Any CPU.ActiveCfg = Release|Any CPU
		{D1ED54DD-304C-48BB-B801-0DB82C770437}.Release|Any CPU.Build.0 = Release|Any CPU
	EndGlobalSection
	GlobalSection(SolutionProperties) = preSolution
		HideSolutionNode = FALSE
	EndGlobalSection
	GlobalSection(ExtensibilityGlobals) = postSolution
		SolutionGuid = {A40787B3-8F44-4348-BB69-6A3F7478E62A}
	EndGlobalSection
EndGlobal
